
Microsoft Visual Studio Solution File, Format Version 12.00
# Visual Studio Version 17
VisualStudioVersion = 17.10.34916.146
MinimumVisualStudioVersion = 10.0.40219.1
Project("{FAE04EC0-301F-11D3-BF4B-00C04F79EFBC}") = "SortColor", "SortColor.csproj", "{69DA687E-4BB3-4854-8BD4-A1648FFD316A}"
EndProject
Global
	GlobalSection(SolutionConfigurationPlatforms) = preSolution
		Debug|Any CPU = Debug|Any CPU
		Release|Any CPU = Release|Any CPU
	EndGlobalSection
	GlobalSection(ProjectConfigurationPlatforms) = postSolution
		{69DA687E-4BB3-4854-8BD4-A1648FFD316A}.Debug|Any CPU.ActiveCfg = Debug|Any CPU
		{69DA687E-4BB3-4854-8BD4-A1648FFD316A}.Debug|Any CPU.Build.0 = Debug|Any CPU
		{69DA687E-4BB3-4854-8BD4-A1648FFD316A}.Release|Any CPU.ActiveCfg = Release|Any CPU
		{69DA687E-4BB3-4854-8BD4-A1648FFD316A}.Release|Any CPU.Build.0 = Release|Any CPU
	EndGlobalSection
	GlobalSection(SolutionProperties) = preSolution
		HideSolutionNode = FALSE
	EndGlobalSection
	GlobalSection(ExtensibilityGlobals) = postSolution
		SolutionGuid = {03BD5C6A-9AB8-4889-A920-D5A2F67829B1}
	EndGlobalSection
EndGlobal
